
Microsoft Visual Studio Solution File, Format Version 12.00
# Visual Studio 15
VisualStudioVersion = 15.0.28307.421
MinimumVisualStudioVersion = 10.0.40219.1
Project("{FAE04EC0-301F-11D3-BF4B-00C04F79EFBC}") = "Clase", "Clase\Clase.csproj", "{C3611717-B013-41ED-8C69-17419B1FEEA8}"
EndProject
Project("{FAE04EC0-301F-11D3-BF4B-00C04F79EFBC}") = "TestGit", "TestGit\TestGit.csproj", "{9B91E006-2BB8-4450-99FE-0D1D4C51E1BB}"
EndProject
Project("{FAE04EC0-301F-11D3-BF4B-00C04F79EFBC}") = "Teme", "Teme\Teme.csproj", "{75DE4FDA-FBBF-4132-963C-D1C231EF7E11}"
EndProject
Project("{FAE04EC0-301F-11D3-BF4B-00C04F79EFBC}") = "cmmdc2nr", "cmmdc2nr\cmmdc2nr.csproj", "{CC678643-BEFE-40B6-A37C-5A1B626C8CEC}"
EndProject
Global
	GlobalSection(SolutionConfigurationPlatforms) = preSolution
		Debug|Any CPU = Debug|Any CPU
		Release|Any CPU = Release|Any CPU
	EndGlobalSection
	GlobalSection(ProjectConfigurationPlatforms) = postSolution
		{C3611717-B013-41ED-8C69-17419B1FEEA8}.Debug|Any CPU.ActiveCfg = Debug|Any CPU
		{C3611717-B013-41ED-8C69-17419B1FEEA8}.Debug|Any CPU.Build.0 = Debug|Any CPU
		{C3611717-B013-41ED-8C69-17419B1FEEA8}.Release|Any CPU.ActiveCfg = Release|Any CPU
		{C3611717-B013-41ED-8C69-17419B1FEEA8}.Release|Any CPU.Build.0 = Release|Any CPU
		{9B91E006-2BB8-4450-99FE-0D1D4C51E1BB}.Debug|Any CPU.ActiveCfg = Debug|Any CPU
		{9B91E006-2BB8-4450-99FE-0D1D4C51E1BB}.Debug|Any CPU.Build.0 = Debug|Any CPU
		{9B91E006-2BB8-4450-99FE-0D1D4C51E1BB}.Release|Any CPU.ActiveCfg = Release|Any CPU
		{9B91E006-2BB8-4450-99FE-0D1D4C51E1BB}.Release|Any CPU.Build.0 = Release|Any CPU
		{75DE4FDA-FBBF-4132-963C-D1C231EF7E11}.Debug|Any CPU.ActiveCfg = Debug|Any CPU
		{75DE4FDA-FBBF-4132-963C-D1C231EF7E11}.Debug|Any CPU.Build.0 = Debug|Any CPU
		{75DE4FDA-FBBF-4132-963C-D1C231EF7E11}.Release|Any CPU.ActiveCfg = Release|Any CPU
		{75DE4FDA-FBBF-4132-963C-D1C231EF7E11}.Release|Any CPU.Build.0 = Release|Any CPU
		{CC678643-BEFE-40B6-A37C-5A1B626C8CEC}.Debug|Any CPU.ActiveCfg = Debug|Any CPU
		{CC678643-BEFE-40B6-A37C-5A1B626C8CEC}.Debug|Any CPU.Build.0 = Debug|Any CPU
		{CC678643-BEFE-40B6-A37C-5A1B626C8CEC}.Release|Any CPU.ActiveCfg = Release|Any CPU
		{CC678643-BEFE-40B6-A37C-5A1B626C8CEC}.Release|Any CPU.Build.0 = Release|Any CPU
	EndGlobalSection
	GlobalSection(SolutionProperties) = preSolution
		HideSolutionNode = FALSE
	EndGlobalSection
	GlobalSection(ExtensibilityGlobals) = postSolution
		SolutionGuid = {6F6E58E9-0BED-412D-9DFD-42ED7506CF8A}
	EndGlobalSection
EndGlobal
